
Microsoft Visual Studio Solution File, Format Version 12.00
# Visual Studio 15
VisualStudioVersion = 15.0.26403.3
MinimumVisualStudioVersion = 10.0.40219.1
Project("{FAE04EC0-301F-11D3-BF4B-00C04F79EFBC}") = "Database Project", "Database Project\Database Project.csproj", "{47EBCEDA-0D58-48F6-921F-83369C096E6F}"
EndProject
Global
	GlobalSection(SolutionConfigurationPlatforms) = preSolution
		Debug|Any CPU = Debug|Any CPU
		Release|Any CPU = Release|Any CPU
	EndGlobalSection
	GlobalSection(ProjectConfigurationPlatforms) = postSolution
		{47EBCEDA-0D58-48F6-921F-83369C096E6F}.Debug|Any CPU.ActiveCfg = Debug|Any CPU
		{47EBCEDA-0D58-48F6-921F-83369C096E6F}.Debug|Any CPU.Build.0 = Debug|Any CPU
		{47EBCEDA-0D58-48F6-921F-83369C096E6F}.Release|Any CPU.ActiveCfg = Release|Any CPU
		{47EBCEDA-0D58-48F6-921F-83369C096E6F}.Release|Any CPU.Build.0 = Release|Any CPU
	EndGlobalSection
	GlobalSection(SolutionProperties) = preSolution
		HideSolutionNode = FALSE
	EndGlobalSection
EndGlobal
